schema: '2.0'
stages:
  prepare_data:
    cmd: python3 prepare_data.py
    deps:
    - path: prepare_data.py
      md5: 65bee56711351c75bd3321ebb43b3642
      size: 134
    outs:
    - path: cifar10
      md5: e252d2c8ba36d1ab3e21a873ab62daa3.dir
      size: 356712185
      nfiles: 9
  train:
    cmd: python3 main.py
    deps:
    - path: cifar10
      md5: e252d2c8ba36d1ab3e21a873ab62daa3.dir
      size: 356712185
      nfiles: 9
    - path: main.py
      md5: e8db3f8078c6778dea39209de7e9ee1d
      size: 2404
    - path: modeling
      md5: 46ab584d5d8a007af55073f682e386dd.dir
      size: 15794
      nfiles: 8
    outs:
    - path: samples
      md5: 1cb4bcb3e32486f63c4c26b4e4f0443c.dir
      size: 5581
      nfiles: 1
